
Microsoft Visual Studio Solution File, Format Version 12.00
# Visual Studio Version 17
VisualStudioVersion = 17.14.36915.13
MinimumVisualStudioVersion = 10.0.40219.1
Project("{FAE04EC0-301F-11D3-BF4B-00C04F79EFBC}") = "TextPipeline", "TextPipeline\TextPipeline.csproj", "{5CB73D26-42FC-4C67-9565-F2F88AD73849}"
EndProject
Project("{FAE04EC0-301F-11D3-BF4B-00C04F79EFBC}") = "Domain", "Domain\Domain.csproj", "{AA0B5F3C-21F2-47CA-9BCF-46801DF2F28D}"
EndProject
Project("{FAE04EC0-301F-11D3-BF4B-00C04F79EFBC}") = "Tests", "Tests\Tests.csproj", "{9669FA3F-5F74-4D3E-9D58-377BC277579C}"
EndProject
Global
	GlobalSection(SolutionConfigurationPlatforms) = preSolution
		Debug|Any CPU = Debug|Any CPU
		Release|Any CPU = Release|Any CPU
	EndGlobalSection
	GlobalSection(ProjectConfigurationPlatforms) = postSolution
		{5CB73D26-42FC-4C67-9565-F2F88AD73849}.Debug|Any CPU.ActiveCfg = Debug|Any CPU
		{5CB73D26-42FC-4C67-9565-F2F88AD73849}.Debug|Any CPU.Build.0 = Debug|Any CPU
		{5CB73D26-42FC-4C67-9565-F2F88AD73849}.Release|Any CPU.ActiveCfg = Release|Any CPU
		{5CB73D26-42FC-4C67-9565-F2F88AD73849}.Release|Any CPU.Build.0 = Release|Any CPU
		{AA0B5F3C-21F2-47CA-9BCF-46801DF2F28D}.Debug|Any CPU.ActiveCfg = Debug|Any CPU
		{AA0B5F3C-21F2-47CA-9BCF-46801DF2F28D}.Debug|Any CPU.Build.0 = Debug|Any CPU
		{AA0B5F3C-21F2-47CA-9BCF-46801DF2F28D}.Release|Any CPU.ActiveCfg = Release|Any CPU
		{AA0B5F3C-21F2-47CA-9BCF-46801DF2F28D}.Release|Any CPU.Build.0 = Release|Any CPU
		{9669FA3F-5F74-4D3E-9D58-377BC277579C}.Debug|Any CPU.ActiveCfg = Debug|Any CPU
		{9669FA3F-5F74-4D3E-9D58-377BC277579C}.Debug|Any CPU.Build.0 = Debug|Any CPU
		{9669FA3F-5F74-4D3E-9D58-377BC277579C}.Release|Any CPU.ActiveCfg = Release|Any CPU
		{9669FA3F-5F74-4D3E-9D58-377BC277579C}.Release|Any CPU.Build.0 = Release|Any CPU
	EndGlobalSection
	GlobalSection(SolutionProperties) = preSolution
		HideSolutionNode = FALSE
	EndGlobalSection
	GlobalSection(ExtensibilityGlobals) = postSolution
		SolutionGuid = {17672896-C614-4919-BD78-3BC8C7F83ACE}
	EndGlobalSection
EndGlobal
